Microsoft Visual Studio Solution File, Format Version 12.00
# Visual Studio Version 17
VisualStudioVersion = 17.5.2.0
MinimumVisualStudioVersion = 10.0.40219.1
Project("{FAE04EC0-301F-11D3-BF4B-00C04F79EFBC}") = "SiemensBookAPI", "SiemensBookAPI.csproj", "{365CF958-8D76-28D1-C637-7EC249EF8E12}"
EndProject
Global
	GlobalSection(SolutionConfigurationPlatforms) = preSolution
		Debug|Any CPU = Debug|Any CPU
		Release|Any CPU = Release|Any CPU
	EndGlobalSection
	GlobalSection(ProjectConfigurationPlatforms) = postSolution
		{365CF958-8D76-28D1-C637-7EC249EF8E12}.Debug|Any CPU.ActiveCfg = Debug|Any CPU
		{365CF958-8D76-28D1-C637-7EC249EF8E12}.Debug|Any CPU.Build.0 = Debug|Any CPU
		{365CF958-8D76-28D1-C637-7EC249EF8E12}.Release|Any CPU.ActiveCfg = Release|Any CPU
		{365CF958-8D76-28D1-C637-7EC249EF8E12}.Release|Any CPU.Build.0 = Release|Any CPU
	EndGlobalSection
	GlobalSection(SolutionProperties) = preSolution
		HideSolutionNode = FALSE
	EndGlobalSection
	GlobalSection(ExtensibilityGlobals) = postSolution
		SolutionGuid = {5CA8A713-A440-4CE3-912C-515CE53B54AA}
	EndGlobalSection
EndGlobal
